// !$*UTF8*$!
{
	archiveVersion = 1;
	classes = {
	};
	objectVersion = 56;
	objects = {

/* Begin PBXBuildFile section */
		040180A82C76651700A5DAFC /* TrackersViewController.swift in Sources */ = {isa = PBXBuildFile; fileRef = 040180A72C76651700A5DAFC /* TrackersViewController.swift */; };
		040180AA2C76680800A5DAFC /* TrackerCollectionViewCell.swift in Sources */ = {isa = PBXBuildFile; fileRef = 040180A92C76680800A5DAFC /* TrackerCollectionViewCell.swift */; };
		040180AC2C766E2A00A5DAFC /* StatisticsViewController.swift in Sources */ = {isa = PBXBuildFile; fileRef = 040180AB2C766E2A00A5DAFC /* StatisticsViewController.swift */; };
		040180AE2C7675BF00A5DAFC /* TrackerHeaderReusableView.swift in Sources */ = {isa = PBXBuildFile; fileRef = 040180AD2C7675BF00A5DAFC /* TrackerHeaderReusableView.swift */; };
		040180B02C77A63100A5DAFC /* TrackerModels.swift in Sources */ = {isa = PBXBuildFile; fileRef = 040180AF2C77A63100A5DAFC /* TrackerModels.swift */; };
		040180B22C77A6C600A5DAFC /* TrackerData.swift in Sources */ = {isa = PBXBuildFile; fileRef = 040180B12C77A6C600A5DAFC /* TrackerData.swift */; };
		040180B52C77C6CA00A5DAFC /* CategorySelectionViewController.swift in Sources */ = {isa = PBXBuildFile; fileRef = 040180B42C77C6CA00A5DAFC /* CategorySelectionViewController.swift */; };
		046544672C753DA40036A752 /* TypeSelectionViewController.swift in Sources */ = {isa = PBXBuildFile; fileRef = 046544662C753DA40036A752 /* TypeSelectionViewController.swift */; };
		046544692C753F940036A752 /* HabitViewController.swift in Sources */ = {isa = PBXBuildFile; fileRef = 046544682C753F940036A752 /* HabitViewController.swift */; };
		0465446B2C7550650036A752 /* EventViewController.swift in Sources */ = {isa = PBXBuildFile; fileRef = 0465446A2C7550650036A752 /* EventViewController.swift */; };
		0465446D2C7559E50036A752 /* ScheduleViewController.swift in Sources */ = {isa = PBXBuildFile; fileRef = 0465446C2C7559E50036A752 /* ScheduleViewController.swift */; };
		0494E7B12C5AC71D00974890 /* AppDelegate.swift in Sources */ = {isa = PBXBuildFile; fileRef = 0494E7B02C5AC71D00974890 /* AppDelegate.swift */; };
		0494E7B32C5AC71D00974890 /* SceneDelegate.swift in Sources */ = {isa = PBXBuildFile; fileRef = 0494E7B22C5AC71D00974890 /* SceneDelegate.swift */; };
		0494E7B52C5AC71D00974890 /* TabBarController.swift in Sources */ = {isa = PBXBuildFile; fileRef = 0494E7B42C5AC71D00974890 /* TabBarController.swift */; };
		0494E7BD2C5AC71E00974890 /* Base in Resources */ = {isa = PBXBuildFile; fileRef = 0494E7BC2C5AC71E00974890 /* Base */; };
		0494E7C82C5AC71E00974890 /* TrackerTests.swift in Sources */ = {isa = PBXBuildFile; fileRef = 0494E7C72C5AC71E00974890 /* TrackerTests.swift */; };
		0494E7D22C5AC71E00974890 /* TrackerUITests.swift in Sources */ = {isa = PBXBuildFile; fileRef = 0494E7D12C5AC71E00974890 /* TrackerUITests.swift */; };
		0494E7D42C5AC71E00974890 /* TrackerUITestsLaunchTests.swift in Sources */ = {isa = PBXBuildFile; fileRef = 0494E7D32C5AC71E00974890 /* TrackerUITestsLaunchTests.swift */; };
		0494E7E82C5AD08F00974890 /* Assets.xcassets in Resources */ = {isa = PBXBuildFile; fileRef = 0494E7B92C5AC71E00974890 /* Assets.xcassets */; };
		04EAAF882C8CF6BC0082711D /* EmojiCollectionCell.swift in Sources */ = {isa = PBXBuildFile; fileRef = 04EAAF872C8CF6BC0082711D /* EmojiCollectionCell.swift */; };
		04EAAF8A2C8CF6F10082711D /* ColorCollectionCell.swift in Sources */ = {isa = PBXBuildFile; fileRef = 04EAAF892C8CF6F10082711D /* ColorCollectionCell.swift */; };
		04EAAF8C2C8CFE220082711D /* TableCellCollection.swift in Sources */ = {isa = PBXBuildFile; fileRef = 04EAAF8B2C8CFE220082711D /* TableCellCollection.swift */; };
		04EAAF8E2C8D067A0082711D /* CollectionCellHeader.swift in Sources */ = {isa = PBXBuildFile; fileRef = 04EAAF8D2C8D067A0082711D /* CollectionCellHeader.swift */; };
/* End PBXBuildFile section */

/* Begin PBXContainerItemProxy section */
		0494E7C42C5AC71E00974890 /* PBXContainerItemProxy */ = {
			isa = PBXContainerItemProxy;
			containerPortal = 0494E7A52C5AC71D00974890 /* Project object */;
			proxyType = 1;
			remoteGlobalIDString = 0494E7AC2C5AC71D00974890;
			remoteInfo = Trecker;
		};
		0494E7CE2C5AC71E00974890 /* PBXContainerItemProxy */ = {
			isa = PBXContainerItemProxy;
			containerPortal = 0494E7A52C5AC71D00974890 /* Project object */;
			proxyType = 1;
			remoteGlobalIDString = 0494E7AC2C5AC71D00974890;
			remoteInfo = Trecker;
		};
/* End PBXContainerItemProxy section */

/* Begin PBXFileReference section */
		040180A72C76651700A5DAFC /* TrackersViewController.swift */ = {isa = PBXFileReference; lastKnownFileType = sourcecode.swift; path = TrackersViewController.swift; sourceTree = "<group>"; };
		040180A92C76680800A5DAFC /* TrackerCollectionViewCell.swift */ = {isa = PBXFileReference; lastKnownFileType = sourcecode.swift; path = TrackerCollectionViewCell.swift; sourceTree = "<group>"; };
		040180AB2C766E2A00A5DAFC /* StatisticsViewController.swift */ = {isa = PBXFileReference; lastKnownFileType = sourcecode.swift; path = StatisticsViewController.swift; sourceTree = "<group>"; };
		040180AD2C7675BF00A5DAFC /* TrackerHeaderReusableView.swift */ = {isa = PBXFileReference; lastKnownFileType = sourcecode.swift; path = TrackerHeaderReusableView.swift; sourceTree = "<group>"; };
		040180AF2C77A63100A5DAFC /* TrackerModels.swift */ = {isa = PBXFileReference; lastKnownFileType = sourcecode.swift; path = TrackerModels.swift; sourceTree = "<group>"; };
		040180B12C77A6C600A5DAFC /* TrackerData.swift */ = {isa = PBXFileReference; lastKnownFileType = sourcecode.swift; path = TrackerData.swift; sourceTree = "<group>"; };
		040180B42C77C6CA00A5DAFC /* CategorySelectionViewController.swift */ = {isa = PBXFileReference; lastKnownFileType = sourcecode.swift; path = CategorySelectionViewController.swift; sourceTree = "<group>"; };
		046544662C753DA40036A752 /* TypeSelectionViewController.swift */ = {isa = PBXFileReference; lastKnownFileType = sourcecode.swift; path = TypeSelectionViewController.swift; sourceTree = "<group>"; };
		046544682C753F940036A752 /* HabitViewController.swift */ = {isa = PBXFileReference; lastKnownFileType = sourcecode.swift; path = HabitViewController.swift; sourceTree = "<group>"; };
		0465446A2C7550650036A752 /* EventViewController.swift */ = {isa = PBXFileReference; lastKnownFileType = sourcecode.swift; path = EventViewController.swift; sourceTree = "<group>"; };
		0465446C2C7559E50036A752 /* ScheduleViewController.swift */ = {isa = PBXFileReference; lastKnownFileType = sourcecode.swift; path = ScheduleViewController.swift; sourceTree = "<group>"; };
		0494E7AD2C5AC71D00974890 /* Tracker.app */ = {isa = PBXFileReference; explicitFileType = wrapper.application; includeInIndex = 0; path = Tracker.app; sourceTree = BUILT_PRODUCTS_DIR; };
		0494E7B02C5AC71D00974890 /* AppDelegate.swift */ = {isa = PBXFileReference; lastKnownFileType = sourcecode.swift; path = AppDelegate.swift; sourceTree = "<group>"; };
		0494E7B22C5AC71D00974890 /* SceneDelegate.swift */ = {isa = PBXFileReference; lastKnownFileType = sourcecode.swift; path = SceneDelegate.swift; sourceTree = "<group>"; };
		0494E7B42C5AC71D00974890 /* TabBarController.swift */ = {isa = PBXFileReference; lastKnownFileType = sourcecode.swift; path = TabBarController.swift; sourceTree = "<group>"; };
		0494E7B92C5AC71E00974890 /* Assets.xcassets */ = {isa = PBXFileReference; lastKnownFileType = folder.assetcatalog; path = Assets.xcassets; sourceTree = "<group>"; };
		0494E7BC2C5AC71E00974890 /* Base */ = {isa = PBXFileReference; lastKnownFileType = file.storyboard; name = Base; path = Base.lproj/LaunchScreen.storyboard; sourceTree = "<group>"; };
		0494E7BE2C5AC71E00974890 /* Info.plist */ = {isa = PBXFileReference; lastKnownFileType = text.plist.xml; path = Info.plist; sourceTree = "<group>"; };
		0494E7C32C5AC71E00974890 /* TrackerTests.xctest */ = {isa = PBXFileReference; explicitFileType = wrapper.cfbundle; includeInIndex = 0; path = TrackerTests.xctest; sourceTree = BUILT_PRODUCTS_DIR; };
		0494E7C72C5AC71E00974890 /* TrackerTests.swift */ = {isa = PBXFileReference; lastKnownFileType = sourcecode.swift; path = TrackerTests.swift; sourceTree = "<group>"; };
		0494E7CD2C5AC71E00974890 /* TrackerUITests.xctest */ = {isa = PBXFileReference; explicitFileType = wrapper.cfbundle; includeInIndex = 0; path = TrackerUITests.xctest; sourceTree = BUILT_PRODUCTS_DIR; };
		0494E7D12C5AC71E00974890 /* TrackerUITests.swift */ = {isa = PBXFileReference; lastKnownFileType = sourcecode.swift; path = TrackerUITests.swift; sourceTree = "<group>"; };
		0494E7D32C5AC71E00974890 /* TrackerUITestsLaunchTests.swift */ = {isa = PBXFileReference; lastKnownFileType = sourcecode.swift; path = TrackerUITestsLaunchTests.swift; sourceTree = "<group>"; };
		0494E7E62C5ACE8800974890 /* SFProDisplay-Bold.ttf */ = {isa = PBXFileReference; lastKnownFileType = file; path = "SFProDisplay-Bold.ttf"; sourceTree = "<group>"; };
		0494E7E72C5ACE8800974890 /* SFProDisplay-Regular.ttf */ = {isa = PBXFileReference; lastKnownFileType = file; path = "SFProDisplay-Regular.ttf"; sourceTree = "<group>"; };
		04EAAF872C8CF6BC0082711D /* EmojiCollectionCell.swift */ = {isa = PBXFileReference; lastKnownFileType = sourcecode.swift; path = EmojiCollectionCell.swift; sourceTree = "<group>"; };
		04EAAF892C8CF6F10082711D /* ColorCollectionCell.swift */ = {isa = PBXFileReference; lastKnownFileType = sourcecode.swift; path = ColorCollectionCell.swift; sourceTree = "<group>"; };
		04EAAF8B2C8CFE220082711D /* TableCellCollection.swift */ = {isa = PBXFileReference; lastKnownFileType = sourcecode.swift; path = TableCellCollection.swift; sourceTree = "<group>"; };
		04EAAF8D2C8D067A0082711D /* CollectionCellHeader.swift */ = {isa = PBXFileReference; lastKnownFileType = sourcecode.swift; path = CollectionCellHeader.swift; sourceTree = "<group>"; };
/* End PBXFileReference section */

/* Begin PBXFrameworksBuildPhase section */
		0494E7AA2C5AC71D00974890 /* Frameworks */ = {
			isa = PBXFrameworksBuildPhase;
			buildActionMask = 2147483647;
			files = (
			);
			runOnlyForDeploymentPostprocessing = 0;
		};
		0494E7C02C5AC71E00974890 /* Frameworks */ = {
			isa = PBXFrameworksBuildPhase;
			buildActionMask = 2147483647;
			files = (
			);
			runOnlyForDeploymentPostprocessing = 0;
		};
		0494E7CA2C5AC71E00974890 /* Frameworks */ = {
			isa = PBXFrameworksBuildPhase;
			buildActionMask = 2147483647;
			files = (
			);
			runOnlyForDeploymentPostprocessing = 0;
		};
/* End PBXFrameworksBuildPhase section */

/* Begin PBXGroup section */
		040180B32C77A6F400A5DAFC /* Data */ = {
			isa = PBXGroup;
			children = (
				040180AF2C77A63100A5DAFC /* TrackerModels.swift */,
				040180B12C77A6C600A5DAFC /* TrackerData.swift */,
			);
			path = Data;
			sourceTree = "<group>";
		};
		0494E7A42C5AC71D00974890 = {
			isa = PBXGroup;
			children = (
				0494E7B02C5AC71D00974890 /* AppDelegate.swift */,
				0494E7B22C5AC71D00974890 /* SceneDelegate.swift */,
				0494E7BB2C5AC71E00974890 /* LaunchScreen.storyboard */,
				0494E7B92C5AC71E00974890 /* Assets.xcassets */,
				04EAAF862C8CF6390082711D /* TabBar */,
				0494E7AF2C5AC71D00974890 /* Tracker */,
				040180B32C77A6F400A5DAFC /* Data */,
				0494E7E52C5ACE8800974890 /* Font */,
				0494E7C62C5AC71E00974890 /* TrackerTests */,
				0494E7D02C5AC71E00974890 /* TrackerUITests */,
				0494E7AE2C5AC71D00974890 /* Products */,
			);
			sourceTree = "<group>";
		};
		0494E7AE2C5AC71D00974890 /* Products */ = {
			isa = PBXGroup;
			children = (
				0494E7AD2C5AC71D00974890 /* Tracker.app */,
				0494E7C32C5AC71E00974890 /* TrackerTests.xctest */,
				0494E7CD2C5AC71E00974890 /* TrackerUITests.xctest */,
			);
			name = Products;
			sourceTree = "<group>";
		};
		0494E7AF2C5AC71D00974890 /* Tracker */ = {
			isa = PBXGroup;
			children = (
				0494E7BE2C5AC71E00974890 /* Info.plist */,
				046544662C753DA40036A752 /* TypeSelectionViewController.swift */,
				040180B42C77C6CA00A5DAFC /* CategorySelectionViewController.swift */,
				0465446C2C7559E50036A752 /* ScheduleViewController.swift */,
				046544682C753F940036A752 /* HabitViewController.swift */,
				0465446A2C7550650036A752 /* EventViewController.swift */,
				04EAAF872C8CF6BC0082711D /* EmojiCollectionCell.swift */,
				04EAAF892C8CF6F10082711D /* ColorCollectionCell.swift */,
				04EAAF8B2C8CFE220082711D /* TableCellCollection.swift */,
				04EAAF8D2C8D067A0082711D /* CollectionCellHeader.swift */,
			);
			path = Tracker;
			sourceTree = "<group>";
		};
		0494E7C62C5AC71E00974890 /* TrackerTests */ = {
			isa = PBXGroup;
			children = (
				0494E7C72C5AC71E00974890 /* TrackerTests.swift */,
			);
			path = TrackerTests;
			sourceTree = "<group>";
		};
		0494E7D02C5AC71E00974890 /* TrackerUITests */ = {
			isa = PBXGroup;
			children = (
				0494E7D12C5AC71E00974890 /* TrackerUITests.swift */,
				0494E7D32C5AC71E00974890 /* TrackerUITestsLaunchTests.swift */,
			);
			path = TrackerUITests;
			sourceTree = "<group>";
		};
		0494E7E52C5ACE8800974890 /* Font */ = {
			isa = PBXGroup;
			children = (
				0494E7E62C5ACE8800974890 /* SFProDisplay-Bold.ttf */,
				0494E7E72C5ACE8800974890 /* SFProDisplay-Regular.ttf */,
			);
			path = Font;
			sourceTree = "<group>";
		};
		04EAAF862C8CF6390082711D /* TabBar */ = {
			isa = PBXGroup;
			children = (
				0494E7B42C5AC71D00974890 /* TabBarController.swift */,
				040180A72C76651700A5DAFC /* TrackersViewController.swift */,
				040180A92C76680800A5DAFC /* TrackerCollectionViewCell.swift */,
				040180AD2C7675BF00A5DAFC /* TrackerHeaderReusableView.swift */,
				040180AB2C766E2A00A5DAFC /* StatisticsViewController.swift */,
			);
			path = TabBar;
			sourceTree = "<group>";
		};
/* End PBXGroup section */

/* Begin PBXNativeTarget section */
		0494E7AC2C5AC71D00974890 /* Tracker */ = {
			isa = PBXNativeTarget;
			buildConfigurationList = 0494E7D72C5AC71E00974890 /* Build configuration list for PBXNativeTarget "Tracker" */;
			buildPhases = (
				0494E7A92C5AC71D00974890 /* Sources */,
				0494E7AA2C5AC71D00974890 /* Frameworks */,
				0494E7AB2C5AC71D00974890 /* Resources */,
			);
			buildRules = (
			);
			dependencies = (
			);
			name = Tracker;
			productName = Trecker;
			productReference = 0494E7AD2C5AC71D00974890 /* Tracker.app */;
			productType = "com.apple.product-type.application";
		};
		0494E7C22C5AC71E00974890 /* TrackerTests */ = {
			isa = PBXNativeTarget;
			buildConfigurationList = 0494E7DA2C5AC71E00974890 /* Build configuration list for PBXNativeTarget "TrackerTests" */;
			buildPhases = (
				0494E7BF2C5AC71E00974890 /* Sources */,
				0494E7C02C5AC71E00974890 /* Frameworks */,
				0494E7C12C5AC71E00974890 /* Resources */,
			);
			buildRules = (
			);
			dependencies = (
				0494E7C52C5AC71E00974890 /* PBXTargetDependency */,
			);
			name = TrackerTests;
			productName = TreckerTests;
			productReference = 0494E7C32C5AC71E00974890 /* TrackerTests.xctest */;
			productType = "com.apple.product-type.bundle.unit-test";
		};
		0494E7CC2C5AC71E00974890 /* TrackerUITests */ = {
			isa = PBXNativeTarget;
			buildConfigurationList = 0494E7DD2C5AC71E00974890 /* Build configuration list for PBXNativeTarget "TrackerUITests" */;
			buildPhases = (
				0494E7C92C5AC71E00974890 /* Sources */,
				0494E7CA2C5AC71E00974890 /* Frameworks */,
				0494E7CB2C5AC71E00974890 /* Resources */,
			);
			buildRules = (
			);
			dependencies = (
				0494E7CF2C5AC71E00974890 /* PBXTargetDependency */,
			);
			name = TrackerUITests;
			productName = TreckerUITests;
			productReference = 0494E7CD2C5AC71E00974890 /* TrackerUITests.xctest */;
			productType = "com.apple.product-type.bundle.ui-testing";
		};
/* End PBXNativeTarget section */

/* Begin PBXProject section */
		0494E7A52C5AC71D00974890 /* Project object */ = {
			isa = PBXProject;
			attributes = {
				BuildIndependentTargetsInParallel = 1;
				LastSwiftUpdateCheck = 1540;
				LastUpgradeCheck = 1540;
				TargetAttributes = {
					0494E7AC2C5AC71D00974890 = {
						CreatedOnToolsVersion = 15.4;
					};
					0494E7C22C5AC71E00974890 = {
						CreatedOnToolsVersion = 15.4;
						TestTargetID = 0494E7AC2C5AC71D00974890;
					};
					0494E7CC2C5AC71E00974890 = {
						CreatedOnToolsVersion = 15.4;
						TestTargetID = 0494E7AC2C5AC71D00974890;
					};
				};
			};
			buildConfigurationList = 0494E7A82C5AC71D00974890 /* Build configuration list for PBXProject "Tracker" */;
			compatibilityVersion = "Xcode 14.0";
			developmentRegion = en;
			hasScannedForEncodings = 0;
			knownRegions = (
				en,
				Base,
			);
			mainGroup = 0494E7A42C5AC71D00974890;
			productRefGroup = 0494E7AE2C5AC71D00974890 /* Products */;
			projectDirPath = "";
			projectRoot = "";
			targets = (
				0494E7AC2C5AC71D00974890 /* Tracker */,
				0494E7C22C5AC71E00974890 /* TrackerTests */,
				0494E7CC2C5AC71E00974890 /* TrackerUITests */,
			);
		};
/* End PBXProject section */

/* Begin PBXResourcesBuildPhase section */
		0494E7AB2C5AC71D00974890 /* Resources */ = {
			isa = PBXResourcesBuildPhase;
			buildActionMask = 2147483647;
			files = (
				0494E7BD2C5AC71E00974890 /* Base in Resources */,
				0494E7E82C5AD08F00974890 /* Assets.xcassets in Resources */,
			);
			runOnlyForDeploymentPostprocessing = 0;
		};
		0494E7C12C5AC71E00974890 /* Resources */ = {
			isa = PBXResourcesBuildPhase;
			buildActionMask = 2147483647;
			files = (
			);
			runOnlyForDeploymentPostprocessing = 0;
		};
		0494E7CB2C5AC71E00974890 /* Resources */ = {
			isa = PBXResourcesBuildPhase;
			buildActionMask = 2147483647;
			files = (
			);
			runOnlyForDeploymentPostprocessing = 0;
		};
/* End PBXResourcesBuildPhase section */

/* Begin PBXSourcesBuildPhase section */
		0494E7A92C5AC71D00974890 /* Sources */ = {
			isa = PBXSourcesBuildPhase;
			buildActionMask = 2147483647;
			files = (
				040180B22C77A6C600A5DAFC /* TrackerData.swift in Sources */,
				0494E7B52C5AC71D00974890 /* TabBarController.swift in Sources */,
				04EAAF882C8CF6BC0082711D /* EmojiCollectionCell.swift in Sources */,
				040180AC2C766E2A00A5DAFC /* StatisticsViewController.swift in Sources */,
				04EAAF8E2C8D067A0082711D /* CollectionCellHeader.swift in Sources */,
				040180B02C77A63100A5DAFC /* TrackerModels.swift in Sources */,
				0465446B2C7550650036A752 /* EventViewController.swift in Sources */,
				04EAAF8C2C8CFE220082711D /* TableCellCollection.swift in Sources */,
				040180B52C77C6CA00A5DAFC /* CategorySelectionViewController.swift in Sources */,
				046544672C753DA40036A752 /* TypeSelectionViewController.swift in Sources */,
				046544692C753F940036A752 /* HabitViewController.swift in Sources */,
				040180AE2C7675BF00A5DAFC /* TrackerHeaderReusableView.swift in Sources */,
				040180AA2C76680800A5DAFC /* TrackerCollectionViewCell.swift in Sources */,
				0494E7B12C5AC71D00974890 /* AppDelegate.swift in Sources */,
				040180A82C76651700A5DAFC /* TrackersViewController.swift in Sources */,
				0465446D2C7559E50036A752 /* ScheduleViewController.swift in Sources */,
				0494E7B32C5AC71D00974890 /* SceneDelegate.swift in Sources */,
				04EAAF8A2C8CF6F10082711D /* ColorCollectionCell.swift in Sources */,
			);
			runOnlyForDeploymentPostprocessing = 0;
		};
		0494E7BF2C5AC71E00974890 /* Sources */ = {
			isa = PBXSourcesBuildPhase;
			buildActionMask = 2147483647;
			files = (
				0494E7C82C5AC71E00974890 /* TrackerTests.swift in Sources */,
			);
			runOnlyForDeploymentPostprocessing = 0;
		};
		0494E7C92C5AC71E00974890 /* Sources */ = {
			isa = PBXSourcesBuildPhase;
			buildActionMask = 2147483647;
			files = (
				0494E7D22C5AC71E00974890 /* TrackerUITests.swift in Sources */,
				0494E7D42C5AC71E00974890 /* TrackerUITestsLaunchTests.swift in Sources */,
			);
			runOnlyForDeploymentPostprocessing = 0;
		};
/* End PBXSourcesBuildPhase section */

/* Begin PBXTargetDependency section */
		0494E7C52C5AC71E00974890 /* PBXTargetDependency */ = {
			isa = PBXTargetDependency;
			target = 0494E7AC2C5AC71D00974890 /* Tracker */;
			targetProxy = 0494E7C42C5AC71E00974890 /* PBXContainerItemProxy */;
		};
		0494E7CF2C5AC71E00974890 /* PBXTargetDependency */ = {
			isa = PBXTargetDependency;
			target = 0494E7AC2C5AC71D00974890 /* Tracker */;
			targetProxy = 0494E7CE2C5AC71E00974890 /* PBXContainerItemProxy */;
		};
/* End PBXTargetDependency section */

/* Begin PBXVariantGroup section */
		0494E7BB2C5AC71E00974890 /* LaunchScreen.storyboard */ = {
			isa = PBXVariantGroup;
			children = (
				0494E7BC2C5AC71E00974890 /* Base */,
			);
			name = LaunchScreen.storyboard;
			sourceTree = "<group>";
		};
/* End PBXVariantGroup section */

/* Begin XCBuildConfiguration section */
		0494E7D52C5AC71E00974890 /* Debug */ = {
			isa = XCBuildConfiguration;
			buildSettings = {
				ALWAYS_SEARCH_USER_PATHS = NO;
				ASSETCATALOG_COMPILER_GENERATE_SWIFT_ASSET_SYMBOL_EXTENSIONS = YES;
				CLANG_ANALYZER_NONNULL = YES;
				CLANG_ANALYZER_NUMBER_OBJECT_CONVERSION = YES_AGGRESSIVE;
				CLANG_CXX_LANGUAGE_STANDARD = "gnu++20";
				CLANG_ENABLE_MODULES = YES;
				CLANG_ENABLE_OBJC_ARC = YES;
				CLANG_ENABLE_OBJC_WEAK = YES;
				CLANG_WARN_BLOCK_CAPTURE_AUTORELEASING = YES;
				CLANG_WARN_BOOL_CONVERSION = YES;
				CLANG_WARN_COMMA = YES;
				CLANG_WARN_CONSTANT_CONVERSION = YES;
				CLANG_WARN_DEPRECATED_OBJC_IMPLEMENTATIONS = YES;
				CLANG_WARN_DIRECT_OBJC_ISA_USAGE = YES_ERROR;
				CLANG_WARN_DOCUMENTATION_COMMENTS = YES;
				CLANG_WARN_EMPTY_BODY = YES;
				CLANG_WARN_ENUM_CONVERSION = YES;
				CLANG_WARN_INFINITE_RECURSION = YES;
				CLANG_WARN_INT_CONVERSION = YES;
				CLANG_WARN_NON_LITERAL_NULL_CONVERSION = YES;
				CLANG_WARN_OBJC_IMPLICIT_RETAIN_SELF = YES;
				CLANG_WARN_OBJC_LITERAL_CONVERSION = YES;
				CLANG_WARN_OBJC_ROOT_CLASS = YES_ERROR;
				CLANG_WARN_QUOTED_INCLUDE_IN_FRAMEWORK_HEADER = YES;
				CLANG_WARN_RANGE_LOOP_ANALYSIS = YES;
				CLANG_WARN_STRICT_PROTOTYPES = YES;
				CLANG_WARN_SUSPICIOUS_MOVE = YES;
				CLANG_WARN_UNGUARDED_AVAILABILITY = YES_AGGRESSIVE;
				CLANG_WARN_UNREACHABLE_CODE = YES;
				CLANG_WARN__DUPLICATE_METHOD_MATCH = YES;
				COPY_PHASE_STRIP = NO;
				DEBUG_INFORMATION_FORMAT = dwarf;
				ENABLE_STRICT_OBJC_MSGSEND = YES;
				ENABLE_TESTABILITY = YES;
				ENABLE_USER_SCRIPT_SANDBOXING = YES;
				GCC_C_LANGUAGE_STANDARD = gnu17;
				GCC_DYNAMIC_NO_PIC = NO;
				GCC_NO_COMMON_BLOCKS = YES;
				GCC_OPTIMIZATION_LEVEL = 0;
				GCC_PREPROCESSOR_DEFINITIONS = (
					"DEBUG=1",
					"$(inherited)",
				);
				GCC_WARN_64_TO_32_BIT_CONVERSION = YES;
				GCC_WARN_ABOUT_RETURN_TYPE = YES_ERROR;
				GCC_WARN_UNDECLARED_SELECTOR = YES;
				GCC_WARN_UNINITIALIZED_AUTOS = YES_AGGRESSIVE;
				GCC_WARN_UNUSED_FUNCTION = YES;
				GCC_WARN_UNUSED_VARIABLE = YES;
				INFOPLIST_FILE = Tracker/Info.plist;
				IPHONEOS_DEPLOYMENT_TARGET = 17.5;
				LOCALIZATION_PREFERS_STRING_CATALOGS = YES;
				MTL_ENABLE_DEBUG_INFO = INCLUDE_SOURCE;
				MTL_FAST_MATH = YES;
				ONLY_ACTIVE_ARCH = YES;
				SDKROOT = iphoneos;
				SWIFT_ACTIVE_COMPILATION_CONDITIONS = "DEBUG $(inherited)";
				SWIFT_OPTIMIZATION_LEVEL = "-Onone";
			};
			name = Debug;
		};
		0494E7D62C5AC71E00974890 /* Release */ = {
			isa = XCBuildConfiguration;
			buildSettings = {
				ALWAYS_SEARCH_USER_PATHS = NO;
				ASSETCATALOG_COMPILER_GENERATE_SWIFT_ASSET_SYMBOL_EXTENSIONS = YES;
				CLANG_ANALYZER_NONNULL = YES;
				CLANG_ANALYZER_NUMBER_OBJECT_CONVERSION = YES_AGGRESSIVE;
				CLANG_CXX_LANGUAGE_STANDARD = "gnu++20";
				CLANG_ENABLE_MODULES = YES;
				CLANG_ENABLE_OBJC_ARC = YES;
				CLANG_ENABLE_OBJC_WEAK = YES;
				CLANG_WARN_BLOCK_CAPTURE_AUTORELEASING = YES;
				CLANG_WARN_BOOL_CONVERSION = YES;
				CLANG_WARN_COMMA = YES;
				CLANG_WARN_CONSTANT_CONVERSION = YES;
				CLANG_WARN_DEPRECATED_OBJC_IMPLEMENTATIONS = YES;
				CLANG_WARN_DIRECT_OBJC_ISA_USAGE = YES_ERROR;
				CLANG_WARN_DOCUMENTATION_COMMENTS = YES;
				CLANG_WARN_EMPTY_BODY = YES;
				CLANG_WARN_ENUM_CONVERSION = YES;
				CLANG_WARN_INFINITE_RECURSION = YES;
				CLANG_WARN_INT_CONVERSION = YES;
				CLANG_WARN_NON_LITERAL_NULL_CONVERSION = YES;
				CLANG_WARN_OBJC_IMPLICIT_RETAIN_SELF = YES;
				CLANG_WARN_OBJC_LITERAL_CONVERSION = YES;
				CLANG_WARN_OBJC_ROOT_CLASS = YES_ERROR;
				CLANG_WARN_QUOTED_INCLUDE_IN_FRAMEWORK_HEADER = YES;
				CLANG_WARN_RANGE_LOOP_ANALYSIS = YES;
				CLANG_WARN_STRICT_PROTOTYPES = YES;
				CLANG_WARN_SUSPICIOUS_MOVE = YES;
				CLANG_WARN_UNGUARDED_AVAILABILITY = YES_AGGRESSIVE;
				CLANG_WARN_UNREACHABLE_CODE = YES;
				CLANG_WARN__DUPLICATE_METHOD_MATCH = YES;
				COPY_PHASE_STRIP = NO;
				DEBUG_INFORMATION_FORMAT = "dwarf-with-dsym";
				ENABLE_NS_ASSERTIONS = NO;
				ENABLE_STRICT_OBJC_MSGSEND = YES;
				ENABLE_USER_SCRIPT_SANDBOXING = YES;
				GCC_C_LANGUAGE_STANDARD = gnu17;
				GCC_NO_COMMON_BLOCKS = YES;
				GCC_WARN_64_TO_32_BIT_CONVERSION = YES;
				GCC_WARN_ABOUT_RETURN_TYPE = YES_ERROR;
				GCC_WARN_UNDECLARED_SELECTOR = YES;
				GCC_WARN_UNINITIALIZED_AUTOS = YES_AGGRESSIVE;
				GCC_WARN_UNUSED_FUNCTION = YES;
				GCC_WARN_UNUSED_VARIABLE = YES;
				INFOPLIST_FILE = Tracker/Info.plist;
				IPHONEOS_DEPLOYMENT_TARGET = 17.5;
				LOCALIZATION_PREFERS_STRING_CATALOGS = YES;
				MTL_ENABLE_DEBUG_INFO = NO;
				MTL_FAST_MATH = YES;
				SDKROOT = iphoneos;
				SWIFT_COMPILATION_MODE = wholemodule;
				VALIDATE_PRODUCT = YES;
			};
			name = Release;
		};
		0494E7D82C5AC71E00974890 /* Debug */ = {
			isa = XCBuildConfiguration;
			buildSettings = {
				ASSETCATALOG_COMPILER_APPICON_NAME = AppIcon;
				ASSETCATALOG_COMPILER_GLOBAL_ACCENT_COLOR_NAME = AccentColor;
				CODE_SIGN_STYLE = Automatic;
				CURRENT_PROJECT_VERSION = 1;
				DEVELOPMENT_TEAM = 3U6WQZ9PG7;
				GENERATE_INFOPLIST_FILE = YES;
				INFOPLIST_FILE = Tracker/Info.plist;
				INFOPLIST_KEY_UIApplicationSupportsIndirectInputEvents = YES;
				INFOPLIST_KEY_UILaunchStoryboardName = LaunchScreen;
				INFOPLIST_KEY_UISupportedInterfaceOrientations_iPad = "UIInterfaceOrientationPortrait UIInterfaceOrientationPortraitUpsideDown UIInterfaceOrientationLandscapeLeft UIInterfaceOrientationLandscapeRight";
				INFOPLIST_KEY_UISupportedInterfaceOrientations_iPhone = "UIInterfaceOrientationPortrait UIInterfaceOrientationLandscapeLeft UIInterfaceOrientationLandscapeRight";
				IPHONEOS_DEPLOYMENT_TARGET = 13.4;
				LD_RUNPATH_SEARCH_PATHS = (
					"$(inherited)",
					"@executable_path/Frameworks",
				);
				MARKETING_VERSION = 1.0;
				PRODUCT_BUNDLE_IDENTIFIER = com.ValeriaPet.practicum.Trecker;
				PRODUCT_NAME = "$(TARGET_NAME)";
				SWIFT_EMIT_LOC_STRINGS = YES;
				SWIFT_VERSION = 5.0;
				TARGETED_DEVICE_FAMILY = "1,2";
			};
			name = Debug;
		};
		0494E7D92C5AC71E00974890 /* Release */ = {
			isa = XCBuildConfiguration;
			buildSettings = {
				ASSETCATALOG_COMPILER_APPICON_NAME = AppIcon;
				ASSETCATALOG_COMPILER_GLOBAL_ACCENT_COLOR_NAME = AccentColor;
				CODE_SIGN_STYLE = Automatic;
				CURRENT_PROJECT_VERSION = 1;
				DEVELOPMENT_TEAM = 3U6WQZ9PG7;
				GENERATE_INFOPLIST_FILE = YES;
				INFOPLIST_FILE = Tracker/Info.plist;
				INFOPLIST_KEY_UIApplicationSupportsIndirectInputEvents = YES;
				INFOPLIST_KEY_UILaunchStoryboardName = LaunchScreen;
				INFOPLIST_KEY_UISupportedInterfaceOrientations_iPad = "UIInterfaceOrientationPortrait UIInterfaceOrientationPortraitUpsideDown UIInterfaceOrientationLandscapeLeft UIInterfaceOrientationLandscapeRight";
				INFOPLIST_KEY_UISupportedInterfaceOrientations_iPhone = "UIInterfaceOrientationPortrait UIInterfaceOrientationLandscapeLeft UIInterfaceOrientationLandscapeRight";
				IPHONEOS_DEPLOYMENT_TARGET = 13.4;
				LD_RUNPATH_SEARCH_PATHS = (
					"$(inherited)",
					"@executable_path/Frameworks",
				);
				MARKETING_VERSION = 1.0;
				PRODUCT_BUNDLE_IDENTIFIER = com.ValeriaPet.practicum.Trecker;
				PRODUCT_NAME = "$(TARGET_NAME)";
				SWIFT_EMIT_LOC_STRINGS = YES;
				SWIFT_VERSION = 5.0;
				TARGETED_DEVICE_FAMILY = "1,2";
			};
			name = Release;
		};
		0494E7DB2C5AC71E00974890 /* Debug */ = {
			isa = XCBuildConfiguration;
			buildSettings = {
				ALWAYS_EMBED_SWIFT_STANDARD_LIBRARIES = YES;
				BUNDLE_LOADER = "$(TEST_HOST)";
				CODE_SIGN_STYLE = Automatic;
				CURRENT_PROJECT_VERSION = 1;
				DEVELOPMENT_TEAM = 3U6WQZ9PG7;
				GENERATE_INFOPLIST_FILE = YES;
				IPHONEOS_DEPLOYMENT_TARGET = 17.5;
				MARKETING_VERSION = 1.0;
				PRODUCT_BUNDLE_IDENTIFIER = com.ValeriaPet.practicum.TreckerTests;
				PRODUCT_NAME = "$(TARGET_NAME)";
				SWIFT_EMIT_LOC_STRINGS = NO;
				SWIFT_VERSION = 5.0;
				TARGETED_DEVICE_FAMILY = "1,2";
				TEST_HOST = "$(BUILT_PRODUCTS_DIR)/Tracker.app/$(BUNDLE_EXECUTABLE_FOLDER_PATH)/Tracker";
			};
			name = Debug;
		};
		0494E7DC2C5AC71E00974890 /* Release */ = {
			isa = XCBuildConfiguration;
			buildSettings = {
				ALWAYS_EMBED_SWIFT_STANDARD_LIBRARIES = YES;
				BUNDLE_LOADER = "$(TEST_HOST)";
				CODE_SIGN_STYLE = Automatic;
				CURRENT_PROJECT_VERSION = 1;
				DEVELOPMENT_TEAM = 3U6WQZ9PG7;
				GENERATE_INFOPLIST_FILE = YES;
				IPHONEOS_DEPLOYMENT_TARGET = 17.5;
				MARKETING_VERSION = 1.0;
				PRODUCT_BUNDLE_IDENTIFIER = com.ValeriaPet.practicum.TreckerTests;
				PRODUCT_NAME = "$(TARGET_NAME)";
				SWIFT_EMIT_LOC_STRINGS = NO;
				SWIFT_VERSION = 5.0;
				TARGETED_DEVICE_FAMILY = "1,2";
				TEST_HOST = "$(BUILT_PRODUCTS_DIR)/Tracker.app/$(BUNDLE_EXECUTABLE_FOLDER_PATH)/Tracker";
			};
			name = Release;
		};
		0494E7DE2C5AC71E00974890 /* Debug */ = {
			isa = XCBuildConfiguration;
			buildSettings = {
				ALWAYS_EMBED_SWIFT_STANDARD_LIBRARIES = YES;
				CODE_SIGN_STYLE = Automatic;
				CURRENT_PROJECT_VERSION = 1;
				DEVELOPMENT_TEAM = 3U6WQZ9PG7;
				GENERATE_INFOPLIST_FILE = YES;
				MARKETING_VERSION = 1.0;
				PRODUCT_BUNDLE_IDENTIFIER = com.ValeriaPet.practicum.TreckerUITests;
				PRODUCT_NAME = "$(TARGET_NAME)";
				SWIFT_EMIT_LOC_STRINGS = NO;
				SWIFT_VERSION = 5.0;
				TARGETED_DEVICE_FAMILY = "1,2";
				TEST_TARGET_NAME = Trecker;
			};
			name = Debug;
		};
		0494E7DF2C5AC71E00974890 /* Release */ = {
			isa = XCBuildConfiguration;
			buildSettings = {
				ALWAYS_EMBED_SWIFT_STANDARD_LIBRARIES = YES;
				CODE_SIGN_STYLE = Automatic;
				CURRENT_PROJECT_VERSION = 1;
				DEVELOPMENT_TEAM = 3U6WQZ9PG7;
				GENERATE_INFOPLIST_FILE = YES;
				MARKETING_VERSION = 1.0;
				PRODUCT_BUNDLE_IDENTIFIER = com.ValeriaPet.practicum.TreckerUITests;
				PRODUCT_NAME = "$(TARGET_NAME)";
				SWIFT_EMIT_LOC_STRINGS = NO;
				SWIFT_VERSION = 5.0;
				TARGETED_DEVICE_FAMILY = "1,2";
				TEST_TARGET_NAME = Trecker;
			};
			name = Release;
		};
/* End XCBuildConfiguration section */

/* Begin XCConfigurationList section */
		0494E7A82C5AC71D00974890 /* Build configuration list for PBXProject "Tracker" */ = {
			isa = XCConfigurationList;
			buildConfigurations = (
				0494E7D52C5AC71E00974890 /* Debug */,
				0494E7D62C5AC71E00974890 /* Release */,
			);
			defaultConfigurationIsVisible = 0;
			defaultConfigurationName = Release;
		};
		0494E7D72C5AC71E00974890 /* Build configuration list for PBXNativeTarget "Tracker" */ = {
			isa = XCConfigurationList;
			buildConfigurations = (
				0494E7D82C5AC71E00974890 /* Debug */,
				0494E7D92C5AC71E00974890 /* Release */,
			);
			defaultConfigurationIsVisible = 0;
			defaultConfigurationName = Release;
		};
		0494E7DA2C5AC71E00974890 /* Build configuration list for PBXNativeTarget "TrackerTests" */ = {
			isa = XCConfigurationList;
			buildConfigurations = (
				0494E7DB2C5AC71E00974890 /* Debug */,
				0494E7DC2C5AC71E00974890 /* Release */,
			);
			defaultConfigurationIsVisible = 0;
			defaultConfigurationName = Release;
		};
		0494E7DD2C5AC71E00974890 /* Build configuration list for PBXNativeTarget "TrackerUITests" */ = {
			isa = XCConfigurationList;
			buildConfigurations = (
				0494E7DE2C5AC71E00974890 /* Debug */,
				0494E7DF2C5AC71E00974890 /* Release */,
			);
			defaultConfigurationIsVisible = 0;
			defaultConfigurationName = Release;
		};
/* End XCConfigurationList section */
	};
	rootObject = 0494E7A52C5AC71D00974890 /* Project object */;
}
